// !$*UTF8*$!
{
	archiveVersion = 1;
	classes = {
	};
	objectVersion = 50;
	objects = {

/* Begin PBXBuildFile section */
		015B3FE9240A1B9700994722 /* FiberDetailsAndEditableViewController.swift in Sources */ = {isa = PBXBuildFile; fileRef = 015B3FE8240A1B9700994722 /* FiberDetailsAndEditableViewController.swift */; };
		01818F8B23C6E47B00E2CB1D /* AppDelegate.swift in Sources */ = {isa = PBXBuildFile; fileRef = 01818F8A23C6E47B00E2CB1D /* AppDelegate.swift */; };
		01818F8D23C6E47B00E2CB1D /* SceneDelegate.swift in Sources */ = {isa = PBXBuildFile; fileRef = 01818F8C23C6E47B00E2CB1D /* SceneDelegate.swift */; };
		01818F9223C6E47B00E2CB1D /* Main.storyboard in Resources */ = {isa = PBXBuildFile; fileRef = 01818F9023C6E47B00E2CB1D /* Main.storyboard */; };
		01818F9523C6E47B00E2CB1D /* Fiber_Tracker.xcdatamodeld in Sources */ = {isa = PBXBuildFile; fileRef = 01818F9323C6E47B00E2CB1D /* Fiber_Tracker.xcdatamodeld */; };
		01818F9723C6E47C00E2CB1D /* Assets.xcassets in Resources */ = {isa = PBXBuildFile; fileRef = 01818F9623C6E47C00E2CB1D /* Assets.xcassets */; };
		01818F9A23C6E47C00E2CB1D /* LaunchScreen.storyboard in Resources */ = {isa = PBXBuildFile; fileRef = 01818F9823C6E47C00E2CB1D /* LaunchScreen.storyboard */; };
		01818FA223C6E54400E2CB1D /* FiberTableViewController.swift in Sources */ = {isa = PBXBuildFile; fileRef = 01818FA123C6E54400E2CB1D /* FiberTableViewController.swift */; };
/* End PBXBuildFile section */

/* Begin PBXFileReference section */
		015B3FE8240A1B9700994722 /* FiberDetailsAndEditableViewController.swift */ = {isa = PBXFileReference; lastKnownFileType = sourcecode.swift; path = FiberDetailsAndEditableViewController.swift; sourceTree = "<group>"; };
		01818F8723C6E47B00E2CB1D /* Fiber Tracker.app */ = {isa = PBXFileReference; explicitFileType = wrapper.application; includeInIndex = 0; path = "Fiber Tracker.app"; sourceTree = BUILT_PRODUCTS_DIR; };
		01818F8A23C6E47B00E2CB1D /* AppDelegate.swift */ = {isa = PBXFileReference; lastKnownFileType = sourcecode.swift; path = AppDelegate.swift; sourceTree = "<group>"; };
		01818F8C23C6E47B00E2CB1D /* SceneDelegate.swift */ = {isa = PBXFileReference; lastKnownFileType = sourcecode.swift; path = SceneDelegate.swift; sourceTree = "<group>"; };
		01818F9123C6E47B00E2CB1D /* Base */ = {isa = PBXFileReference; lastKnownFileType = file.storyboard; name = Base; path = Base.lproj/Main.storyboard; sourceTree = "<group>"; };
		01818F9423C6E47B00E2CB1D /* Fiber_Tracker.xcdatamodel */ = {isa = PBXFileReference; lastKnownFileType = wrapper.xcdatamodel; path = Fiber_Tracker.xcdatamodel; sourceTree = "<group>"; };
		01818F9623C6E47C00E2CB1D /* Assets.xcassets */ = {isa = PBXFileReference; lastKnownFileType = folder.assetcatalog; path = Assets.xcassets; sourceTree = "<group>"; };
		01818F9923C6E47C00E2CB1D /* Base */ = {isa = PBXFileReference; lastKnownFileType = file.storyboard; name = Base; path = Base.lproj/LaunchScreen.storyboard; sourceTree = "<group>"; };
		01818F9B23C6E47C00E2CB1D /* Info.plist */ = {isa = PBXFileReference; lastKnownFileType = text.plist.xml; path = Info.plist; sourceTree = "<group>"; };
		01818FA123C6E54400E2CB1D /* FiberTableViewController.swift */ = {isa = PBXFileReference; lastKnownFileType = sourcecode.swift; path = FiberTableViewController.swift; sourceTree = "<group>"; };
/* End PBXFileReference section */

/* Begin PBXFrameworksBuildPhase section */
		01818F8423C6E47B00E2CB1D /* Frameworks */ = {
			isa = PBXFrameworksBuildPhase;
			buildActionMask = 2147483647;
			files = (
			);
			runOnlyForDeploymentPostprocessing = 0;
		};
/* End PBXFrameworksBuildPhase section */

/* Begin PBXGroup section */
		01818F7E23C6E47B00E2CB1D = {
			isa = PBXGroup;
			children = (
				01818F8923C6E47B00E2CB1D /* Fiber Tracker */,
				01818F8823C6E47B00E2CB1D /* Products */,
			);
			sourceTree = "<group>";
		};
		01818F8823C6E47B00E2CB1D /* Products */ = {
			isa = PBXGroup;
			children = (
				01818F8723C6E47B00E2CB1D /* Fiber Tracker.app */,
			);
			name = Products;
			sourceTree = "<group>";
		};
		01818F8923C6E47B00E2CB1D /* Fiber Tracker */ = {
			isa = PBXGroup;
			children = (
				01818F8A23C6E47B00E2CB1D /* AppDelegate.swift */,
				01818F8C23C6E47B00E2CB1D /* SceneDelegate.swift */,
				01818FA123C6E54400E2CB1D /* FiberTableViewController.swift */,
				01818F9023C6E47B00E2CB1D /* Main.storyboard */,
				015B3FE8240A1B9700994722 /* FiberDetailsAndEditableViewController.swift */,
				01818F9623C6E47C00E2CB1D /* Assets.xcassets */,
				01818F9823C6E47C00E2CB1D /* LaunchScreen.storyboard */,
				01818F9B23C6E47C00E2CB1D /* Info.plist */,
				01818F9323C6E47B00E2CB1D /* Fiber_Tracker.xcdatamodeld */,
			);
			path = "Fiber Tracker";
			sourceTree = "<group>";
		};
/* End PBXGroup section */

/* Begin PBXNativeTarget section */
		01818F8623C6E47B00E2CB1D /* Fiber Tracker */ = {
			isa = PBXNativeTarget;
			buildConfigurationList = 01818F9E23C6E47C00E2CB1D /* Build configuration list for PBXNativeTarget "Fiber Tracker" */;
			buildPhases = (
				01818F8323C6E47B00E2CB1D /* Sources */,
				01818F8423C6E47B00E2CB1D /* Frameworks */,
				01818F8523C6E47B00E2CB1D /* Resources */,
			);
			buildRules = (
			);
			dependencies = (
			);
			name = "Fiber Tracker";
			productName = "Fiber Tracker";
			productReference = 01818F8723C6E47B00E2CB1D /* Fiber Tracker.app */;
			productType = "com.apple.product-type.application";
		};
/* End PBXNativeTarget section */

/* Begin PBXProject section */
		01818F7F23C6E47B00E2CB1D /* Project object */ = {
			isa = PBXProject;
			attributes = {
				LastSwiftUpdateCheck = 1130;
				LastUpgradeCheck = 1130;
				ORGANIZATIONNAME = "David Eisenbaum";
				TargetAttributes = {
					01818F8623C6E47B00E2CB1D = {
						CreatedOnToolsVersion = 11.3;
					};
				};
			};
			buildConfigurationList = 01818F8223C6E47B00E2CB1D /* Build configuration list for PBXProject "Fiber Tracker" */;
			compatibilityVersion = "Xcode 9.3";
			developmentRegion = en;
			hasScannedForEncodings = 0;
			knownRegions = (
				en,
				Base,
			);
			mainGroup = 01818F7E23C6E47B00E2CB1D;
			productRefGroup = 01818F8823C6E47B00E2CB1D /* Products */;
			projectDirPath = "";
			projectRoot = "";
			targets = (
				01818F8623C6E47B00E2CB1D /* Fiber Tracker */,
			);
		};
/* End PBXProject section */

/* Begin PBXResourcesBuildPhase section */
		01818F8523C6E47B00E2CB1D /* Resources */ = {
			isa = PBXResourcesBuildPhase;
			buildActionMask = 2147483647;
			files = (
				01818F9A23C6E47C00E2CB1D /* LaunchScreen.storyboard in Resources */,
				01818F9723C6E47C00E2CB1D /* Assets.xcassets in Resources */,
				01818F9223C6E47B00E2CB1D /* Main.storyboard in Resources */,
			);
			runOnlyForDeploymentPostprocessing = 0;
		};
/* End PBXResourcesBuildPhase section */

/* Begin PBXSourcesBuildPhase section */
		01818F8323C6E47B00E2CB1D /* Sources */ = {
			isa = PBXSourcesBuildPhase;
			buildActionMask = 2147483647;
			files = (
				01818FA223C6E54400E2CB1D /* FiberTableViewController.swift in Sources */,
				01818F9523C6E47B00E2CB1D /* Fiber_Tracker.xcdatamodeld in Sources */,
				01818F8B23C6E47B00E2CB1D /* AppDelegate.swift in Sources */,
				01818F8D23C6E47B00E2CB1D /* SceneDelegate.swift in Sources */,
				015B3FE9240A1B9700994722 /* FiberDetailsAndEditableViewController.swift in Sources */,
			);
			runOnlyForDeploymentPostprocessing = 0;
		};
/* End PBXSourcesBuildPhase section */

/* Begin PBXVariantGroup section */
		01818F9023C6E47B00E2CB1D /* Main.storyboard */ = {
			isa = PBXVariantGroup;
			children = (
				01818F9123C6E47B00E2CB1D /* Base */,
			);
			name = Main.storyboard;
			sourceTree = "<group>";
		};
		01818F9823C6E47C00E2CB1D /* LaunchScreen.storyboard */ = {
			isa = PBXVariantGroup;
			children = (
				01818F9923C6E47C00E2CB1D /* Base */,
			);
			name = LaunchScreen.storyboard;
			sourceTree = "<group>";
		};
/* End PBXVariantGroup section */

/* Begin XCBuildConfiguration section */
		01818F9C23C6E47C00E2CB1D /* Debug */ = {
			isa = XCBuildConfiguration;
			buildSettings = {
				ALWAYS_SEARCH_USER_PATHS = NO;
				CLANG_ANALYZER_NONNULL = YES;
				CLANG_ANALYZER_NUMBER_OBJECT_CONVERSION = YES_AGGRESSIVE;
				CLANG_CXX_LANGUAGE_STANDARD = "gnu++14";
				CLANG_CXX_LIBRARY = "libc++";
				CLANG_ENABLE_MODULES = YES;
				CLANG_ENABLE_OBJC_ARC = YES;
				CLANG_ENABLE_OBJC_WEAK = YES;
				CLANG_WARN_BLOCK_CAPTURE_AUTORELEASING = YES;
				CLANG_WARN_BOOL_CONVERSION = YES;
				CLANG_WARN_COMMA = YES;
				CLANG_WARN_CONSTANT_CONVERSION = YES;
				CLANG_WARN_DEPRECATED_OBJC_IMPLEMENTATIONS = YES;
				CLANG_WARN_DIRECT_OBJC_ISA_USAGE = YES_ERROR;
				CLANG_WARN_DOCUMENTATION_COMMENTS = YES;
				CLANG_WARN_EMPTY_BODY = YES;
				CLANG_WARN_ENUM_CONVERSION = YES;
				CLANG_WARN_INFINITE_RECURSION = YES;
				CLANG_WARN_INT_CONVERSION = YES;
				CLANG_WARN_NON_LITERAL_NULL_CONVERSION = YES;
				CLANG_WARN_OBJC_IMPLICIT_RETAIN_SELF = YES;
				CLANG_WARN_OBJC_LITERAL_CONVERSION = YES;
				CLANG_WARN_OBJC_ROOT_CLASS = YES_ERROR;
				CLANG_WARN_RANGE_LOOP_ANALYSIS = YES;
				CLANG_WARN_STRICT_PROTOTYPES = YES;
				CLANG_WARN_SUSPICIOUS_MOVE = YES;
				CLANG_WARN_UNGUARDED_AVAILABILITY = YES_AGGRESSIVE;
				CLANG_WARN_UNREACHABLE_CODE = YES;
				CLANG_WARN__DUPLICATE_METHOD_MATCH = YES;
				COPY_PHASE_STRIP = NO;
				DEBUG_INFORMATION_FORMAT = dwarf;
				ENABLE_STRICT_OBJC_MSGSEND = YES;
				ENABLE_TESTABILITY = YES;
				GCC_C_LANGUAGE_STANDARD = gnu11;
				GCC_DYNAMIC_NO_PIC = NO;
				GCC_NO_COMMON_BLOCKS = YES;
				GCC_OPTIMIZATION_LEVEL = 0;
				GCC_PREPROCESSOR_DEFINITIONS = (
					"DEBUG=1",
					"$(inherited)",
				);
				GCC_WARN_64_TO_32_BIT_CONVERSION = YES;
				GCC_WARN_ABOUT_RETURN_TYPE = YES_ERROR;
				GCC_WARN_UNDECLARED_SELECTOR = YES;
				GCC_WARN_UNINITIALIZED_AUTOS = YES_AGGRESSIVE;
				GCC_WARN_UNUSED_FUNCTION = YES;
				GCC_WARN_UNUSED_VARIABLE = YES;
				IPHONEOS_DEPLOYMENT_TARGET = 13.2;
				MTL_ENABLE_DEBUG_INFO = INCLUDE_SOURCE;
				MTL_FAST_MATH = YES;
				ONLY_ACTIVE_ARCH = YES;
				SDKROOT = iphoneos;
				SWIFT_ACTIVE_COMPILATION_CONDITIONS = DEBUG;
				SWIFT_OPTIMIZATION_LEVEL = "-Onone";
			};
			name = Debug;
		};
		01818F9D23C6E47C00E2CB1D /* Release */ = {
			isa = XCBuildConfiguration;
			buildSettings = {
				ALWAYS_SEARCH_USER_PATHS = NO;
				CLANG_ANALYZER_NONNULL = YES;
				CLANG_ANALYZER_NUMBER_OBJECT_CONVERSION = YES_AGGRESSIVE;
				CLANG_CXX_LANGUAGE_STANDARD = "gnu++14";
				CLANG_CXX_LIBRARY = "libc++";
				CLANG_ENABLE_MODULES = YES;
				CLANG_ENABLE_OBJC_ARC = YES;
				CLANG_ENABLE_OBJC_WEAK = YES;
				CLANG_WARN_BLOCK_CAPTURE_AUTORELEASING = YES;
				CLANG_WARN_BOOL_CONVERSION = YES;
				CLANG_WARN_COMMA = YES;
				CLANG_WARN_CONSTANT_CONVERSION = YES;
				CLANG_WARN_DEPRECATED_OBJC_IMPLEMENTATIONS = YES;
				CLANG_WARN_DIRECT_OBJC_ISA_USAGE = YES_ERROR;
				CLANG_WARN_DOCUMENTATION_COMMENTS = YES;
				CLANG_WARN_EMPTY_BODY = YES;
				CLANG_WARN_ENUM_CONVERSION = YES;
				CLANG_WARN_INFINITE_RECURSION = YES;
				CLANG_WARN_INT_CONVERSION = YES;
				CLANG_WARN_NON_LITERAL_NULL_CONVERSION = YES;
				CLANG_WARN_OBJC_IMPLICIT_RETAIN_SELF = YES;
				CLANG_WARN_OBJC_LITERAL_CONVERSION = YES;
				CLANG_WARN_OBJC_ROOT_CLASS = YES_ERROR;
				CLANG_WARN_RANGE_LOOP_ANALYSIS = YES;
				CLANG_WARN_STRICT_PROTOTYPES = YES;
				CLANG_WARN_SUSPICIOUS_MOVE = YES;
				CLANG_WARN_UNGUARDED_AVAILABILITY = YES_AGGRESSIVE;
				CLANG_WARN_UNREACHABLE_CODE = YES;
				CLANG_WARN__DUPLICATE_METHOD_MATCH = YES;
				COPY_PHASE_STRIP = NO;
				DEBUG_INFORMATION_FORMAT = "dwarf-with-dsym";
				ENABLE_NS_ASSERTIONS = NO;
				ENABLE_STRICT_OBJC_MSGSEND = YES;
				GCC_C_LANGUAGE_STANDARD = gnu11;
				GCC_NO_COMMON_BLOCKS = YES;
				GCC_WARN_64_TO_32_BIT_CONVERSION = YES;
				GCC_WARN_ABOUT_RETURN_TYPE = YES_ERROR;
				GCC_WARN_UNDECLARED_SELECTOR = YES;
				GCC_WARN_UNINITIALIZED_AUTOS = YES_AGGRESSIVE;
				GCC_WARN_UNUSED_FUNCTION = YES;
				GCC_WARN_UNUSED_VARIABLE = YES;
				IPHONEOS_DEPLOYMENT_TARGET = 13.2;
				MTL_ENABLE_DEBUG_INFO = NO;
				MTL_FAST_MATH = YES;
				SDKROOT = iphoneos;
				SWIFT_COMPILATION_MODE = wholemodule;
				SWIFT_OPTIMIZATION_LEVEL = "-O";
				VALIDATE_PRODUCT = YES;
			};
			name = Release;
		};
		01818F9F23C6E47C00E2CB1D /* Debug */ = {
			isa = XCBuildConfiguration;
			buildSettings = {
				ASSETCATALOG_COMPILER_APPICON_NAME = AppIcon;
				CODE_SIGN_STYLE = Automatic;
				DEVELOPMENT_TEAM = AFT49TZ2SR;
				INFOPLIST_FILE = "Fiber Tracker/Info.plist";
				LD_RUNPATH_SEARCH_PATHS = (
					"$(inherited)",
					"@executable_path/Frameworks",
				);
				PRODUCT_BUNDLE_IDENTIFIER = "com.davideisenbaum.Fiber-Tracker";
				PRODUCT_NAME = "$(TARGET_NAME)";
				SWIFT_VERSION = 5.0;
				TARGETED_DEVICE_FAMILY = 1;
			};
			name = Debug;
		};
		01818FA023C6E47C00E2CB1D /* Release */ = {
			isa = XCBuildConfiguration;
			buildSettings = {
				ASSETCATALOG_COMPILER_APPICON_NAME = AppIcon;
				CODE_SIGN_STYLE = Automatic;
				DEVELOPMENT_TEAM = AFT49TZ2SR;
				INFOPLIST_FILE = "Fiber Tracker/Info.plist";
				LD_RUNPATH_SEARCH_PATHS = (
					"$(inherited)",
					"@executable_path/Frameworks",
				);
				PRODUCT_BUNDLE_IDENTIFIER = "com.davideisenbaum.Fiber-Tracker";
				PRODUCT_NAME = "$(TARGET_NAME)";
				SWIFT_VERSION = 5.0;
				TARGETED_DEVICE_FAMILY = 1;
			};
			name = Release;
		};
/* End XCBuildConfiguration section */

/* Begin XCConfigurationList section */
		01818F8223C6E47B00E2CB1D /* Build configuration list for PBXProject "Fiber Tracker" */ = {
			isa = XCConfigurationList;
			buildConfigurations = (
				01818F9C23C6E47C00E2CB1D /* Debug */,
				01818F9D23C6E47C00E2CB1D /* Release */,
			);
			defaultConfigurationIsVisible = 0;
			defaultConfigurationName = Release;
		};
		01818F9E23C6E47C00E2CB1D /* Build configuration list for PBXNativeTarget "Fiber Tracker" */ = {
			isa = XCConfigurationList;
			buildConfigurations = (
				01818F9F23C6E47C00E2CB1D /* Debug */,
				01818FA023C6E47C00E2CB1D /* Release */,
			);
			defaultConfigurationIsVisible = 0;
			defaultConfigurationName = Release;
		};
/* End XCConfigurationList section */

/* Begin XCVersionGroup section */
		01818F9323C6E47B00E2CB1D /* Fiber_Tracker.xcdatamodeld */ = {
			isa = XCVersionGroup;
			children = (
				01818F9423C6E47B00E2CB1D /* Fiber_Tracker.xcdatamodel */,
			);
			currentVersion = 01818F9423C6E47B00E2CB1D /* Fiber_Tracker.xcdatamodel */;
			path = Fiber_Tracker.xcdatamodeld;
			sourceTree = "<group>";
			versionGroupType = wrapper.xcdatamodel;
		};
/* End XCVersionGroup section */
	};
	rootObject = 01818F7F23C6E47B00E2CB1D /* Project object */;
}
